{
  "name": "assets",
  "lockfileVersion": 3,
  "requires": true,
  "packages": {
    "": {
      "dependencies": {
        "ag-charts-community": "^13.0.0",
        "ag-grid-community": "^35.0.0",
        "ag-grid-enterprise": "^35.0.0"
      }
    },
    "node_modules/ag-charts-community": {
      "version": "13.0.0",
      "resolved": "https://registry.npmjs.org/ag-charts-community/-/ag-charts-community-13.0.0.tgz",
      "integrity": "sha512-zIBokGrkvpySdksjCFVC/gOrtQSFeJ8j8n1WT7XV4UW1qvEeBIlme6Ng0srWS0HaACwNg9hn9WDEhnBDldbRTg==",
      "license": "MIT",
      "dependencies": {
        "ag-charts-core": "13.0.0",
        "ag-charts-locale": "13.0.0",
        "ag-charts-types": "13.0.0"
      }
    },
    "node_modules/ag-charts-core": {
      "version": "13.0.0",
      "resolved": "https://registry.npmjs.org/ag-charts-core/-/ag-charts-core-13.0.0.tgz",
      "integrity": "sha512-OFN6aDhKDKzez8sSN1NEO/j/rNa0C5G/9EH5FkNFdVh4T96Ul19xpyZupZZl4kTvENN+ayGwRU6Ui8zau71Rog==",
      "license": "MIT",
      "dependencies": {
        "ag-charts-types": "13.0.0"
      }
    },
    "node_modules/ag-charts-enterprise": {
      "version": "13.0.0",
      "resolved": "https://registry.npmjs.org/ag-charts-enterprise/-/ag-charts-enterprise-13.0.0.tgz",
      "integrity": "sha512-xIpXHD6jQ/7quDdogINV7yhVdcH2Pkwxe/xIzgOlffJcIEnPuKftlSMmZ3ybuDUnbgZqAwdH22IoGqqQTVpM5w==",
      "license": "Commercial",
      "optional": true,
      "dependencies": {
        "ag-charts-community": "13.0.0",
        "ag-charts-core": "13.0.0"
      }
    },
    "node_modules/ag-charts-locale": {
      "version": "13.0.0",
      "resolved": "https://registry.npmjs.org/ag-charts-locale/-/ag-charts-locale-13.0.0.tgz",
      "integrity": "sha512-QUJsinNJIQgtaOiz+DvnCPynux3UwYrk9TIdXl0x3dH9OjSWPrF38cshDD7CZ8qJVR4YJloRyJ1aWGYOUBipUQ==",
      "license": "MIT"
    },
    "node_modules/ag-charts-types": {
      "version": "13.0.0",
      "resolved": "https://registry.npmjs.org/ag-charts-types/-/ag-charts-types-13.0.0.tgz",
      "integrity": "sha512-mqOmKS0q4s2tt/C+CBG2Z+HWrSKYvRUCAlQzcKXKfARE3v/KdnBuxfjafa2c8ivElTTywdVdOe0q52Cow2Oggw==",
      "license": "MIT"
    },
    "node_modules/ag-grid-community": {
      "version": "35.0.0",
      "resolved": "https://registry.npmjs.org/ag-grid-community/-/ag-grid-community-35.0.0.tgz",
      "integrity": "sha512-Cz3MA98zZygPwvCi8OKIhP0nea+YXdx8r5MwIXqVqnQwb/BEL05nGxwovIpelL6spv3jNlHQrTVgt4lw9J+nyg==",
      "license": "MIT",
      "dependencies": {
        "ag-charts-types": "13.0.0"
      }
    },
    "node_modules/ag-grid-enterprise": {
      "version": "35.0.0",
      "resolved": "https://registry.npmjs.org/ag-grid-enterprise/-/ag-grid-enterprise-35.0.0.tgz",
      "integrity": "sha512-mCL2PIzTFU60uF+RrQBdLHmgOamwIgmxsJJdDs86xdROBykyyAclUMdMMhIl5ywHRI27VpN9GbaME9mNCU6jEQ==",
      "license": "Commercial",
      "dependencies": {
        "ag-grid-community": "35.0.0"
      },
      "optionalDependencies": {
        "ag-charts-community": "13.0.0",
        "ag-charts-enterprise": "13.0.0"
      }
    }
  }
}
